
Microsoft Visual Studio Solution File, Format Version 12.00
# Visual Studio Version 16
VisualStudioVersion = 16.0.31112.23
MinimumVisualStudioVersion = 10.0.40219.1
Project("{FAE04EC0-301F-11D3-BF4B-00C04F79EFBC}") = "FinalExam", "Registration\FinalExam.csproj", "{257F946A-47D5-407B-A644-3E212378EF9D}"
EndProject
Global
	GlobalSection(SolutionConfigurationPlatforms) = preSolution
		Debug|Any CPU = Debug|Any CPU
		Release|Any CPU = Release|Any CPU
	EndGlobalSection
	GlobalSection(ProjectConfigurationPlatforms) = postSolution
		{257F946A-47D5-407B-A644-3E212378EF9D}.Debug|Any CPU.ActiveCfg = Debug|Any CPU
		{257F946A-47D5-407B-A644-3E212378EF9D}.Debug|Any CPU.Build.0 = Debug|Any CPU
		{257F946A-47D5-407B-A644-3E212378EF9D}.Release|Any CPU.ActiveCfg = Release|Any CPU
		{257F946A-47D5-407B-A644-3E212378EF9D}.Release|Any CPU.Build.0 = Release|Any CPU
	EndGlobalSection
	GlobalSection(SolutionProperties) = preSolution
		HideSolutionNode = FALSE
	EndGlobalSection
	GlobalSection(ExtensibilityGlobals) = postSolution
		SolutionGuid = {63FE1DA7-DA77-4ED2-B1C2-3777289DF701}
	EndGlobalSection
EndGlobal
